
Microsoft Visual Studio Solution File, Format Version 12.00
# Visual Studio Version 17
VisualStudioVersion = 17.8.34316.72
MinimumVisualStudioVersion = 10.0.40219.1
Project("{FAE04EC0-301F-11D3-BF4B-00C04F79EFBC}") = "Algorytm_Dijkstry", "Algorytm_Dijkstry.csproj", "{BD3ADB18-470C-4D84-B23E-24BE824BF68D}"
EndProject
Global
	GlobalSection(SolutionConfigurationPlatforms) = preSolution
		Debug|Any CPU = Debug|Any CPU
		Release|Any CPU = Release|Any CPU
	EndGlobalSection
	GlobalSection(ProjectConfigurationPlatforms) = postSolution
		{BD3ADB18-470C-4D84-B23E-24BE824BF68D}.Debug|Any CPU.ActiveCfg = Debug|Any CPU
		{BD3ADB18-470C-4D84-B23E-24BE824BF68D}.Debug|Any CPU.Build.0 = Debug|Any CPU
		{BD3ADB18-470C-4D84-B23E-24BE824BF68D}.Release|Any CPU.ActiveCfg = Release|Any CPU
		{BD3ADB18-470C-4D84-B23E-24BE824BF68D}.Release|Any CPU.Build.0 = Release|Any CPU
	EndGlobalSection
	GlobalSection(SolutionProperties) = preSolution
		HideSolutionNode = FALSE
	EndGlobalSection
	GlobalSection(ExtensibilityGlobals) = postSolution
		SolutionGuid = {9BF7B491-92A6-4930-86ED-69B95ADEF335}
	EndGlobalSection
EndGlobal
