
Microsoft Visual Studio Solution File, Format Version 12.00
# Visual Studio Version 17
VisualStudioVersion = 17.8.34316.72
MinimumVisualStudioVersion = 10.0.40219.1
Project("{FAE04EC0-301F-11D3-BF4B-00C04F79EFBC}") = "dijkstry", "dijkstry.csproj", "{B3672F64-739C-4ED9-B72D-8AECEA3F45A3}"
EndProject
Global
	GlobalSection(SolutionConfigurationPlatforms) = preSolution
		Debug|Any CPU = Debug|Any CPU
		Release|Any CPU = Release|Any CPU
	EndGlobalSection
	GlobalSection(ProjectConfigurationPlatforms) = postSolution
		{B3672F64-739C-4ED9-B72D-8AECEA3F45A3}.Debug|Any CPU.ActiveCfg = Debug|Any CPU
		{B3672F64-739C-4ED9-B72D-8AECEA3F45A3}.Debug|Any CPU.Build.0 = Debug|Any CPU
		{B3672F64-739C-4ED9-B72D-8AECEA3F45A3}.Release|Any CPU.ActiveCfg = Release|Any CPU
		{B3672F64-739C-4ED9-B72D-8AECEA3F45A3}.Release|Any CPU.Build.0 = Release|Any CPU
	EndGlobalSection
	GlobalSection(SolutionProperties) = preSolution
		HideSolutionNode = FALSE
	EndGlobalSection
	GlobalSection(ExtensibilityGlobals) = postSolution
		SolutionGuid = {3F93A01D-7E02-4724-A379-B24B794DE160}
	EndGlobalSection
EndGlobal
