
Microsoft Visual Studio Solution File, Format Version 12.00
# Visual Studio Version 17
VisualStudioVersion = 17.8.34316.72
MinimumVisualStudioVersion = 10.0.40219.1
Project("{FAE04EC0-301F-11D3-BF4B-00C04F79EFBC}") = "SelectSort", "SelectSort.csproj", "{ED0B75BB-3ADF-4C56-8F70-43C172E76D5D}"
EndProject
Global
	GlobalSection(SolutionConfigurationPlatforms) = preSolution
		Debug|Any CPU = Debug|Any CPU
		Release|Any CPU = Release|Any CPU
	EndGlobalSection
	GlobalSection(ProjectConfigurationPlatforms) = postSolution
		{ED0B75BB-3ADF-4C56-8F70-43C172E76D5D}.Debug|Any CPU.ActiveCfg = Debug|Any CPU
		{ED0B75BB-3ADF-4C56-8F70-43C172E76D5D}.Debug|Any CPU.Build.0 = Debug|Any CPU
		{ED0B75BB-3ADF-4C56-8F70-43C172E76D5D}.Release|Any CPU.ActiveCfg = Release|Any CPU
		{ED0B75BB-3ADF-4C56-8F70-43C172E76D5D}.Release|Any CPU.Build.0 = Release|Any CPU
	EndGlobalSection
	GlobalSection(SolutionProperties) = preSolution
		HideSolutionNode = FALSE
	EndGlobalSection
	GlobalSection(ExtensibilityGlobals) = postSolution
		SolutionGuid = {DEA7BA17-7FB8-482D-8A7D-43138AE800AB}
	EndGlobalSection
EndGlobal
