
Microsoft Visual Studio Solution File, Format Version 12.00
# Visual Studio Version 17
VisualStudioVersion = 17.7.34031.279
MinimumVisualStudioVersion = 10.0.40219.1
Project("{FAE04EC0-301F-11D3-BF4B-00C04F79EFBC}") = "18.10", "18.10.csproj", "{86350826-EEDF-4CC3-9581-C904D512A36B}"
EndProject
Global
	GlobalSection(SolutionConfigurationPlatforms) = preSolution
		Debug|Any CPU = Debug|Any CPU
		Release|Any CPU = Release|Any CPU
	EndGlobalSection
	GlobalSection(ProjectConfigurationPlatforms) = postSolution
		{86350826-EEDF-4CC3-9581-C904D512A36B}.Debug|Any CPU.ActiveCfg = Debug|Any CPU
		{86350826-EEDF-4CC3-9581-C904D512A36B}.Debug|Any CPU.Build.0 = Debug|Any CPU
		{86350826-EEDF-4CC3-9581-C904D512A36B}.Release|Any CPU.ActiveCfg = Release|Any CPU
		{86350826-EEDF-4CC3-9581-C904D512A36B}.Release|Any CPU.Build.0 = Release|Any CPU
	EndGlobalSection
	GlobalSection(SolutionProperties) = preSolution
		HideSolutionNode = FALSE
	EndGlobalSection
	GlobalSection(ExtensibilityGlobals) = postSolution
		SolutionGuid = {972D10BB-4988-40B2-BF30-1395B7003126}
	EndGlobalSection
EndGlobal
