
Microsoft Visual Studio Solution File, Format Version 12.00
# Visual Studio Version 17
VisualStudioVersion = 17.7.34031.279
MinimumVisualStudioVersion = 10.0.40219.1
Project("{FAE04EC0-301F-11D3-BF4B-00C04F79EFBC}") = "wezly i kolejki 15.11", "wezly i kolejki 15.11.csproj", "{988D41E0-EE62-4F6E-85DE-2B5D70A9397A}"
EndProject
Global
	GlobalSection(SolutionConfigurationPlatforms) = preSolution
		Debug|Any CPU = Debug|Any CPU
		Release|Any CPU = Release|Any CPU
	EndGlobalSection
	GlobalSection(ProjectConfigurationPlatforms) = postSolution
		{988D41E0-EE62-4F6E-85DE-2B5D70A9397A}.Debug|Any CPU.ActiveCfg = Debug|Any CPU
		{988D41E0-EE62-4F6E-85DE-2B5D70A9397A}.Debug|Any CPU.Build.0 = Debug|Any CPU
		{988D41E0-EE62-4F6E-85DE-2B5D70A9397A}.Release|Any CPU.ActiveCfg = Release|Any CPU
		{988D41E0-EE62-4F6E-85DE-2B5D70A9397A}.Release|Any CPU.Build.0 = Release|Any CPU
	EndGlobalSection
	GlobalSection(SolutionProperties) = preSolution
		HideSolutionNode = FALSE
	EndGlobalSection
	GlobalSection(ExtensibilityGlobals) = postSolution
		SolutionGuid = {54F66E5F-A167-49BA-84DF-450026BE6C4E}
	EndGlobalSection
EndGlobal
